
Microsoft Visual Studio Solution File, Format Version 12.00
# Visual Studio 2012
Project("{FAE04EC0-301F-11D3-BF4B-00C04F79EFBC}") = "Demo_Project.CSharp", "Demo_Project.CSharp.csproj", "{38A7DEC0-8EB5-9D55-C556-284F1DE96CA5}"
EndProject
Global
	GlobalSection(SolutionConfigurationPlatforms) = preSolution
		Debug|Any CPU = Debug|Any CPU
		Release|Any CPU = Release|Any CPU
	EndGlobalSection
	GlobalSection(ProjectConfigurationPlatforms) = postSolution
		{38A7DEC0-8EB5-9D55-C556-284F1DE96CA5}.Debug|Any CPU.ActiveCfg = Debug|Any CPU
		{38A7DEC0-8EB5-9D55-C556-284F1DE96CA5}.Debug|Any CPU.Build.0 = Debug|Any CPU
		{38A7DEC0-8EB5-9D55-C556-284F1DE96CA5}.Release|Any CPU.ActiveCfg = Release|Any CPU
		{38A7DEC0-8EB5-9D55-C556-284F1DE96CA5}.Release|Any CPU.Build.0 = Release|Any CPU
	EndGlobalSection
	GlobalSection(SolutionProperties) = preSolution
		HideSolutionNode = FALSE
	EndGlobalSection
EndGlobal
